
Microsoft Visual Studio Solution File, Format Version 12.00
# Visual Studio 15
VisualStudioVersion = 15.0.27703.2018
MinimumVisualStudioVersion = 10.0.40219.1
Project("{FAE04EC0-301F-11D3-BF4B-00C04F79EFBC}") = "McvAngularTest2", "McvAngularTest2\McvAngularTest2.csproj", "{5EF8CA78-EAD0-44C0-B1AC-9CE14C7684DD}"
EndProject
Project("{9092AA53-FB77-4645-B42D-1CCCA6BD08BD}") = "AngularForms", "AngularForms\AngularForms.njsproj", "{359E9D53-150C-4C48-B0EE-C1F2B5D4A220}"
EndProject
Project("{FAE04EC0-301F-11D3-BF4B-00C04F79EFBC}") = "MkoForms", "MkoForms\MkoForms.csproj", "{E5608693-A8CE-4F7A-9DA4-A5CAE3C0892F}"
EndProject
Global
	GlobalSection(SolutionConfigurationPlatforms) = preSolution
		Debug|Any CPU = Debug|Any CPU
		Release|Any CPU = Release|Any CPU
	EndGlobalSection
	GlobalSection(ProjectConfigurationPlatforms) = postSolution
		{5EF8CA78-EAD0-44C0-B1AC-9CE14C7684DD}.Debug|Any CPU.ActiveCfg = Debug|Any CPU
		{5EF8CA78-EAD0-44C0-B1AC-9CE14C7684DD}.Debug|Any CPU.Build.0 = Debug|Any CPU
		{5EF8CA78-EAD0-44C0-B1AC-9CE14C7684DD}.Release|Any CPU.ActiveCfg = Release|Any CPU
		{5EF8CA78-EAD0-44C0-B1AC-9CE14C7684DD}.Release|Any CPU.Build.0 = Release|Any CPU
		{359E9D53-150C-4C48-B0EE-C1F2B5D4A220}.Debug|Any CPU.ActiveCfg = Debug|Any CPU
		{359E9D53-150C-4C48-B0EE-C1F2B5D4A220}.Debug|Any CPU.Build.0 = Debug|Any CPU
		{359E9D53-150C-4C48-B0EE-C1F2B5D4A220}.Release|Any CPU.ActiveCfg = Release|Any CPU
		{359E9D53-150C-4C48-B0EE-C1F2B5D4A220}.Release|Any CPU.Build.0 = Release|Any CPU
		{E5608693-A8CE-4F7A-9DA4-A5CAE3C0892F}.Debug|Any CPU.ActiveCfg = Debug|Any CPU
		{E5608693-A8CE-4F7A-9DA4-A5CAE3C0892F}.Debug|Any CPU.Build.0 = Debug|Any CPU
		{E5608693-A8CE-4F7A-9DA4-A5CAE3C0892F}.Release|Any CPU.ActiveCfg = Release|Any CPU
		{E5608693-A8CE-4F7A-9DA4-A5CAE3C0892F}.Release|Any CPU.Build.0 = Release|Any CPU
	EndGlobalSection
	GlobalSection(SolutionProperties) = preSolution
		HideSolutionNode = FALSE
	EndGlobalSection
	GlobalSection(ExtensibilityGlobals) = postSolution
		SolutionGuid = {395CFEB6-DB14-4F54-8776-DCAD3801C5B6}
	EndGlobalSection
EndGlobal
